
Microsoft Visual Studio Solution File, Format Version 12.00
# Visual Studio Version 17
VisualStudioVersion = 17.0.31903.59
MinimumVisualStudioVersion = 10.0.40219.1
Project("{2150E333-8FDC-42A3-9474-1A3956D46DE8}") = "src", "src", "{827E0CD3-B72D-47B6-A68D-7590B98EB39B}"
EndProject
Project("{FAE04EC0-301F-11D3-BF4B-00C04F79EFBC}") = "CreationalPatterns", "src\CreationalPatterns\CreationalPatterns.csproj", "{E9F00B77-2AEB-44F8-8A25-14787DB4D26F}"
EndProject
Project("{FAE04EC0-301F-11D3-BF4B-00C04F79EFBC}") = "StructuralPatterns", "src\StructuralPatterns\StructuralPatterns.csproj", "{32ECEEA6-1A17-4398-A352-3086E360EA79}"
EndProject
Project("{FAE04EC0-301F-11D3-BF4B-00C04F79EFBC}") = "BehavioralPatterns", "src\BehavioralPatterns\BehavioralPatterns.csproj", "{DF6FDC66-257C-45D2-B1B3-B00EA2D6D6E9}"
EndProject
Project("{2150E333-8FDC-42A3-9474-1A3956D46DE8}") = "tests", "tests", "{0AB3BF05-4346-4AA6-1389-037BE0695223}"
EndProject
Project("{FAE04EC0-301F-11D3-BF4B-00C04F79EFBC}") = "StructuralPatterns.Tests", "tests\StructuralPatterns.Tests\StructuralPatterns.Tests.csproj", "{C9025674-FE15-4FA4-9590-B98C1EA5DD93}"
EndProject
Project("{FAE04EC0-301F-11D3-BF4B-00C04F79EFBC}") = "BehavioralPatterns.Tests", "tests\BehavioralPatterns.Tests\BehavioralPatterns.Tests.csproj", "{9FE60A7F-14BA-40E4-82AD-E8B88DA957E8}"
EndProject
Project("{2150E333-8FDC-42A3-9474-1A3956D46DE8}") = "examples", "examples", "{B36A84DF-456D-A817-6EDD-3EC3E7F6E11F}"
EndProject
Project("{FAE04EC0-301F-11D3-BF4B-00C04F79EFBC}") = "ConsoleApp", "examples\ConsoleApp\ConsoleApp.csproj", "{B6518D42-412D-45B0-AAD0-E0027D511C39}"
EndProject
Project("{FAE04EC0-301F-11D3-BF4B-00C04F79EFBC}") = "CreationalPatterns.Tests", "tests\CreationalPatterns.Tests\CreationalPatterns.Tests.csproj", "{D9887D03-0561-4AFE-87AE-BA9E08722620}"
EndProject
Global
	GlobalSection(SolutionConfigurationPlatforms) = preSolution
		Debug|Any CPU = Debug|Any CPU
		Debug|x64 = Debug|x64
		Debug|x86 = Debug|x86
		Release|Any CPU = Release|Any CPU
		Release|x64 = Release|x64
		Release|x86 = Release|x86
	EndGlobalSection
	GlobalSection(ProjectConfigurationPlatforms) = postSolution
		{E9F00B77-2AEB-44F8-8A25-14787DB4D26F}.Debug|Any CPU.ActiveCfg = Debug|Any CPU
		{E9F00B77-2AEB-44F8-8A25-14787DB4D26F}.Debug|Any CPU.Build.0 = Debug|Any CPU
		{E9F00B77-2AEB-44F8-8A25-14787DB4D26F}.Debug|x64.ActiveCfg = Debug|Any CPU
		{E9F00B77-2AEB-44F8-8A25-14787DB4D26F}.Debug|x64.Build.0 = Debug|Any CPU
		{E9F00B77-2AEB-44F8-8A25-14787DB4D26F}.Debug|x86.ActiveCfg = Debug|Any CPU
		{E9F00B77-2AEB-44F8-8A25-14787DB4D26F}.Debug|x86.Build.0 = Debug|Any CPU
		{E9F00B77-2AEB-44F8-8A25-14787DB4D26F}.Release|Any CPU.ActiveCfg = Release|Any CPU
		{E9F00B77-2AEB-44F8-8A25-14787DB4D26F}.Release|Any CPU.Build.0 = Release|Any CPU
		{E9F00B77-2AEB-44F8-8A25-14787DB4D26F}.Release|x64.ActiveCfg = Release|Any CPU
		{E9F00B77-2AEB-44F8-8A25-14787DB4D26F}.Release|x64.Build.0 = Release|Any CPU
		{E9F00B77-2AEB-44F8-8A25-14787DB4D26F}.Release|x86.ActiveCfg = Release|Any CPU
		{E9F00B77-2AEB-44F8-8A25-14787DB4D26F}.Release|x86.Build.0 = Release|Any CPU
		{32ECEEA6-1A17-4398-A352-3086E360EA79}.Debug|Any CPU.ActiveCfg = Debug|Any CPU
		{32ECEEA6-1A17-4398-A352-3086E360EA79}.Debug|Any CPU.Build.0 = Debug|Any CPU
		{32ECEEA6-1A17-4398-A352-3086E360EA79}.Debug|x64.ActiveCfg = Debug|Any CPU
		{32ECEEA6-1A17-4398-A352-3086E360EA79}.Debug|x64.Build.0 = Debug|Any CPU
		{32ECEEA6-1A17-4398-A352-3086E360EA79}.Debug|x86.ActiveCfg = Debug|Any CPU
		{32ECEEA6-1A17-4398-A352-3086E360EA79}.Debug|x86.Build.0 = Debug|Any CPU
		{32ECEEA6-1A17-4398-A352-3086E360EA79}.Release|Any CPU.ActiveCfg = Release|Any CPU
		{32ECEEA6-1A17-4398-A352-3086E360EA79}.Release|Any CPU.Build.0 = Release|Any CPU
		{32ECEEA6-1A17-4398-A352-3086E360EA79}.Release|x64.ActiveCfg = Release|Any CPU
		{32ECEEA6-1A17-4398-A352-3086E360EA79}.Release|x64.Build.0 = Release|Any CPU
		{32ECEEA6-1A17-4398-A352-3086E360EA79}.Release|x86.ActiveCfg = Release|Any CPU
		{32ECEEA6-1A17-4398-A352-3086E360EA79}.Release|x86.Build.0 = Release|Any CPU
		{DF6FDC66-257C-45D2-B1B3-B00EA2D6D6E9}.Debug|Any CPU.ActiveCfg = Debug|Any CPU
		{DF6FDC66-257C-45D2-B1B3-B00EA2D6D6E9}.Debug|Any CPU.Build.0 = Debug|Any CPU
		{DF6FDC66-257C-45D2-B1B3-B00EA2D6D6E9}.Debug|x64.ActiveCfg = Debug|Any CPU
		{DF6FDC66-257C-45D2-B1B3-B00EA2D6D6E9}.Debug|x64.Build.0 = Debug|Any CPU
		{DF6FDC66-257C-45D2-B1B3-B00EA2D6D6E9}.Debug|x86.ActiveCfg = Debug|Any CPU
		{DF6FDC66-257C-45D2-B1B3-B00EA2D6D6E9}.Debug|x86.Build.0 = Debug|Any CPU
		{DF6FDC66-257C-45D2-B1B3-B00EA2D6D6E9}.Release|Any CPU.ActiveCfg = Release|Any CPU
		{DF6FDC66-257C-45D2-B1B3-B00EA2D6D6E9}.Release|Any CPU.Build.0 = Release|Any CPU
		{DF6FDC66-257C-45D2-B1B3-B00EA2D6D6E9}.Release|x64.ActiveCfg = Release|Any CPU
		{DF6FDC66-257C-45D2-B1B3-B00EA2D6D6E9}.Release|x64.Build.0 = Release|Any CPU
		{DF6FDC66-257C-45D2-B1B3-B00EA2D6D6E9}.Release|x86.ActiveCfg = Release|Any CPU
		{DF6FDC66-257C-45D2-B1B3-B00EA2D6D6E9}.Release|x86.Build.0 = Release|Any CPU
		{C9025674-FE15-4FA4-9590-B98C1EA5DD93}.Debug|Any CPU.ActiveCfg = Debug|Any CPU
		{C9025674-FE15-4FA4-9590-B98C1EA5DD93}.Debug|Any CPU.Build.0 = Debug|Any CPU
		{C9025674-FE15-4FA4-9590-B98C1EA5DD93}.Debug|x64.ActiveCfg = Debug|Any CPU
		{C9025674-FE15-4FA4-9590-B98C1EA5DD93}.Debug|x64.Build.0 = Debug|Any CPU
		{C9025674-FE15-4FA4-9590-B98C1EA5DD93}.Debug|x86.ActiveCfg = Debug|Any CPU
		{C9025674-FE15-4FA4-9590-B98C1EA5DD93}.Debug|x86.Build.0 = Debug|Any CPU
		{C9025674-FE15-4FA4-9590-B98C1EA5DD93}.Release|Any CPU.ActiveCfg = Release|Any CPU
		{C9025674-FE15-4FA4-9590-B98C1EA5DD93}.Release|Any CPU.Build.0 = Release|Any CPU
		{C9025674-FE15-4FA4-9590-B98C1EA5DD93}.Release|x64.ActiveCfg = Release|Any CPU
		{C9025674-FE15-4FA4-9590-B98C1EA5DD93}.Release|x64.Build.0 = Release|Any CPU
		{C9025674-FE15-4FA4-9590-B98C1EA5DD93}.Release|x86.ActiveCfg = Release|Any CPU
		{C9025674-FE15-4FA4-9590-B98C1EA5DD93}.Release|x86.Build.0 = Release|Any CPU
		{9FE60A7F-14BA-40E4-82AD-E8B88DA957E8}.Debug|Any CPU.ActiveCfg = Debug|Any CPU
		{9FE60A7F-14BA-40E4-82AD-E8B88DA957E8}.Debug|Any CPU.Build.0 = Debug|Any CPU
		{9FE60A7F-14BA-40E4-82AD-E8B88DA957E8}.Debug|x64.ActiveCfg = Debug|Any CPU
		{9FE60A7F-14BA-40E4-82AD-E8B88DA957E8}.Debug|x64.Build.0 = Debug|Any CPU
		{9FE60A7F-14BA-40E4-82AD-E8B88DA957E8}.Debug|x86.ActiveCfg = Debug|Any CPU
		{9FE60A7F-14BA-40E4-82AD-E8B88DA957E8}.Debug|x86.Build.0 = Debug|Any CPU
		{9FE60A7F-14BA-40E4-82AD-E8B88DA957E8}.Release|Any CPU.ActiveCfg = Release|Any CPU
		{9FE60A7F-14BA-40E4-82AD-E8B88DA957E8}.Release|Any CPU.Build.0 = Release|Any CPU
		{9FE60A7F-14BA-40E4-82AD-E8B88DA957E8}.Release|x64.ActiveCfg = Release|Any CPU
		{9FE60A7F-14BA-40E4-82AD-E8B88DA957E8}.Release|x64.Build.0 = Release|Any CPU
		{9FE60A7F-14BA-40E4-82AD-E8B88DA957E8}.Release|x86.ActiveCfg = Release|Any CPU
		{9FE60A7F-14BA-40E4-82AD-E8B88DA957E8}.Release|x86.Build.0 = Release|Any CPU
		{B6518D42-412D-45B0-AAD0-E0027D511C39}.Debug|Any CPU.ActiveCfg = Debug|Any CPU
		{B6518D42-412D-45B0-AAD0-E0027D511C39}.Debug|Any CPU.Build.0 = Debug|Any CPU
		{B6518D42-412D-45B0-AAD0-E0027D511C39}.Debug|x64.ActiveCfg = Debug|Any CPU
		{B6518D42-412D-45B0-AAD0-E0027D511C39}.Debug|x64.Build.0 = Debug|Any CPU
		{B6518D42-412D-45B0-AAD0-E0027D511C39}.Debug|x86.ActiveCfg = Debug|Any CPU
		{B6518D42-412D-45B0-AAD0-E0027D511C39}.Debug|x86.Build.0 = Debug|Any CPU
		{B6518D42-412D-45B0-AAD0-E0027D511C39}.Release|Any CPU.ActiveCfg = Release|Any CPU
		{B6518D42-412D-45B0-AAD0-E0027D511C39}.Release|Any CPU.Build.0 = Release|Any CPU
		{B6518D42-412D-45B0-AAD0-E0027D511C39}.Release|x64.ActiveCfg = Release|Any CPU
		{B6518D42-412D-45B0-AAD0-E0027D511C39}.Release|x64.Build.0 = Release|Any CPU
		{B6518D42-412D-45B0-AAD0-E0027D511C39}.Release|x86.ActiveCfg = Release|Any CPU
		{B6518D42-412D-45B0-AAD0-E0027D511C39}.Release|x86.Build.0 = Release|Any CPU
		{D9887D03-0561-4AFE-87AE-BA9E08722620}.Debug|Any CPU.ActiveCfg = Debug|Any CPU
		{D9887D03-0561-4AFE-87AE-BA9E08722620}.Debug|Any CPU.Build.0 = Debug|Any CPU
		{D9887D03-0561-4AFE-87AE-BA9E08722620}.Debug|x64.ActiveCfg = Debug|Any CPU
		{D9887D03-0561-4AFE-87AE-BA9E08722620}.Debug|x64.Build.0 = Debug|Any CPU
		{D9887D03-0561-4AFE-87AE-BA9E08722620}.Debug|x86.ActiveCfg = Debug|Any CPU
		{D9887D03-0561-4AFE-87AE-BA9E08722620}.Debug|x86.Build.0 = Debug|Any CPU
		{D9887D03-0561-4AFE-87AE-BA9E08722620}.Release|Any CPU.ActiveCfg = Release|Any CPU
		{D9887D03-0561-4AFE-87AE-BA9E08722620}.Release|Any CPU.Build.0 = Release|Any CPU
		{D9887D03-0561-4AFE-87AE-BA9E08722620}.Release|x64.ActiveCfg = Release|Any CPU
		{D9887D03-0561-4AFE-87AE-BA9E08722620}.Release|x64.Build.0 = Release|Any CPU
		{D9887D03-0561-4AFE-87AE-BA9E08722620}.Release|x86.ActiveCfg = Release|Any CPU
		{D9887D03-0561-4AFE-87AE-BA9E08722620}.Release|x86.Build.0 = Release|Any CPU
	EndGlobalSection
	GlobalSection(SolutionProperties) = preSolution
		HideSolutionNode = FALSE
	EndGlobalSection
	GlobalSection(NestedProjects) = preSolution
		{E9F00B77-2AEB-44F8-8A25-14787DB4D26F} = {827E0CD3-B72D-47B6-A68D-7590B98EB39B}
		{32ECEEA6-1A17-4398-A352-3086E360EA79} = {827E0CD3-B72D-47B6-A68D-7590B98EB39B}
		{DF6FDC66-257C-45D2-B1B3-B00EA2D6D6E9} = {827E0CD3-B72D-47B6-A68D-7590B98EB39B}
		{C9025674-FE15-4FA4-9590-B98C1EA5DD93} = {0AB3BF05-4346-4AA6-1389-037BE0695223}
		{9FE60A7F-14BA-40E4-82AD-E8B88DA957E8} = {0AB3BF05-4346-4AA6-1389-037BE0695223}
		{B6518D42-412D-45B0-AAD0-E0027D511C39} = {B36A84DF-456D-A817-6EDD-3EC3E7F6E11F}
		{D9887D03-0561-4AFE-87AE-BA9E08722620} = {0AB3BF05-4346-4AA6-1389-037BE0695223}
	EndGlobalSection
EndGlobal
